
Microsoft Visual Studio Solution File, Format Version 12.00
Project("{FAE04EC0-301F-11D3-BF4B-00C04F79EFBC}") = "LessThan1000", "LessThan1000\LessThan1000.csproj", "{3E602D4F-0E58-44B3-A3C1-4CDF42A26562}"
EndProject
Global
	GlobalSection(SolutionConfigurationPlatforms) = preSolution
		Debug|Any CPU = Debug|Any CPU
		Release|Any CPU = Release|Any CPU
	EndGlobalSection
	GlobalSection(ProjectConfigurationPlatforms) = postSolution
		{3E602D4F-0E58-44B3-A3C1-4CDF42A26562}.Debug|Any CPU.ActiveCfg = Debug|Any CPU
		{3E602D4F-0E58-44B3-A3C1-4CDF42A26562}.Debug|Any CPU.Build.0 = Debug|Any CPU
		{3E602D4F-0E58-44B3-A3C1-4CDF42A26562}.Release|Any CPU.ActiveCfg = Release|Any CPU
		{3E602D4F-0E58-44B3-A3C1-4CDF42A26562}.Release|Any CPU.Build.0 = Release|Any CPU
	EndGlobalSection
EndGlobal
