
Microsoft Visual Studio Solution File, Format Version 12.00
Project("{FAE04EC0-301F-11D3-BF4B-00C04F79EFBC}") = "ToInt42", "ToInt42\ToInt42.csproj", "{56545945-D4D1-4FCE-B8EB-017151E5E6A7}"
EndProject
Global
	GlobalSection(SolutionConfigurationPlatforms) = preSolution
		Debug|Any CPU = Debug|Any CPU
		Release|Any CPU = Release|Any CPU
	EndGlobalSection
	GlobalSection(ProjectConfigurationPlatforms) = postSolution
		{56545945-D4D1-4FCE-B8EB-017151E5E6A7}.Debug|Any CPU.ActiveCfg = Debug|Any CPU
		{56545945-D4D1-4FCE-B8EB-017151E5E6A7}.Debug|Any CPU.Build.0 = Debug|Any CPU
		{56545945-D4D1-4FCE-B8EB-017151E5E6A7}.Release|Any CPU.ActiveCfg = Release|Any CPU
		{56545945-D4D1-4FCE-B8EB-017151E5E6A7}.Release|Any CPU.Build.0 = Release|Any CPU
	EndGlobalSection
EndGlobal
